
Microsoft Visual Studio Solution File, Format Version 12.00
# Visual Studio Version 17
VisualStudioVersion = 17.3.32929.385
MinimumVisualStudioVersion = 10.0.40219.1
Project("{9A19103F-16F7-4668-BE54-9A1E7A4F7556}") = "QKNWZ1_HFT_2021221.Data", "QKNWZ1_HFT_2021221.Data\QKNWZ1_HFT_2021221.Data.csproj", "{432DA409-1B27-4465-AF4D-05040D127319}"
EndProject
Project("{9A19103F-16F7-4668-BE54-9A1E7A4F7556}") = "QKNWZ1_HFT_2021221.Endpoint", "QKNWZ1_HFT_2021221.Endpoint\QKNWZ1_HFT_2021221.Endpoint.csproj", "{309C5BA7-10FB-4E74-B5CB-17A4CE80BFF8}"
EndProject
Project("{9A19103F-16F7-4668-BE54-9A1E7A4F7556}") = "QKNWZ1_HFT_2021221.Logic", "QKNWZ1_HFT_2021221.Logic\QKNWZ1_HFT_2021221.Logic.csproj", "{E76E0D3E-E182-42C3-8CF7-735E2BB0B292}"
EndProject
Project("{9A19103F-16F7-4668-BE54-9A1E7A4F7556}") = "QKNWZ1_HFT_2021221.Models", "QKNWZ1_HFT_2021221.Models\QKNWZ1_HFT_2021221.Models.csproj", "{376CFE8C-497A-4A48-97D0-E59F25F635F4}"
EndProject
Project("{9A19103F-16F7-4668-BE54-9A1E7A4F7556}") = "QKNWZ1_HFT_2021221.Repository", "QKNWZ1_HFT_2021221.Repository\QKNWZ1_HFT_2021221.Repository.csproj", "{1A78EE0A-B2E4-48E2-8012-7987F18E4F6B}"
EndProject
Project("{9A19103F-16F7-4668-BE54-9A1E7A4F7556}") = "QKNWZ1_HFT_2021221.Test", "QKNWZ1_HFT_2021221.Test\QKNWZ1_HFT_2021221.Test.csproj", "{F46BD2B0-F369-4135-8B47-A5CBF27A7ED6}"
EndProject
Project("{9A19103F-16F7-4668-BE54-9A1E7A4F7556}") = "QKNWZ1_HFT_2021221.ConsoleClient", "QKNWZ1_HFT_2021221.ConsoleClient\QKNWZ1_HFT_2021221.ConsoleClient.csproj", "{20C7092C-CF5C-4568-B0D5-9264056D9620}"
EndProject
Project("{9A19103F-16F7-4668-BE54-9A1E7A4F7556}") = "QKNWZ1_HFT_2021221.WpfClient", "QKNWZ1_HFT_2021221.WpfClient\QKNWZ1_HFT_2021221.WpfClient.csproj", "{EBC9443F-FFC5-409F-965C-575BB2841AAA}"
EndProject
Project("{9A19103F-16F7-4668-BE54-9A1E7A4F7556}") = "QKNWZ1_HFT_2021221.JavascriptClient", "QKNWZ1_HFT_2021221.JavascriptClient\QKNWZ1_HFT_2021221.JavascriptClient.csproj", "{0A70E0AB-7830-4922-9A8A-42DB847DA31C}"
EndProject
Global
	GlobalSection(SolutionConfigurationPlatforms) = preSolution
		Debug|Any CPU = Debug|Any CPU
		Release|Any CPU = Release|Any CPU
	EndGlobalSection
	GlobalSection(ProjectConfigurationPlatforms) = postSolution
		{432DA409-1B27-4465-AF4D-05040D127319}.Debug|Any CPU.ActiveCfg = Debug|Any CPU
		{432DA409-1B27-4465-AF4D-05040D127319}.Debug|Any CPU.Build.0 = Debug|Any CPU
		{432DA409-1B27-4465-AF4D-05040D127319}.Release|Any CPU.ActiveCfg = Release|Any CPU
		{432DA409-1B27-4465-AF4D-05040D127319}.Release|Any CPU.Build.0 = Release|Any CPU
		{309C5BA7-10FB-4E74-B5CB-17A4CE80BFF8}.Debug|Any CPU.ActiveCfg = Debug|Any CPU
		{309C5BA7-10FB-4E74-B5CB-17A4CE80BFF8}.Debug|Any CPU.Build.0 = Debug|Any CPU
		{309C5BA7-10FB-4E74-B5CB-17A4CE80BFF8}.Release|Any CPU.ActiveCfg = Release|Any CPU
		{309C5BA7-10FB-4E74-B5CB-17A4CE80BFF8}.Release|Any CPU.Build.0 = Release|Any CPU
		{E76E0D3E-E182-42C3-8CF7-735E2BB0B292}.Debug|Any CPU.ActiveCfg = Debug|Any CPU
		{E76E0D3E-E182-42C3-8CF7-735E2BB0B292}.Debug|Any CPU.Build.0 = Debug|Any CPU
		{E76E0D3E-E182-42C3-8CF7-735E2BB0B292}.Release|Any CPU.ActiveCfg = Release|Any CPU
		{E76E0D3E-E182-42C3-8CF7-735E2BB0B292}.Release|Any CPU.Build.0 = Release|Any CPU
		{376CFE8C-497A-4A48-97D0-E59F25F635F4}.Debug|Any CPU.ActiveCfg = Debug|Any CPU
		{376CFE8C-497A-4A48-97D0-E59F25F635F4}.Debug|Any CPU.Build.0 = Debug|Any CPU
		{376CFE8C-497A-4A48-97D0-E59F25F635F4}.Release|Any CPU.ActiveCfg = Release|Any CPU
		{376CFE8C-497A-4A48-97D0-E59F25F635F4}.Release|Any CPU.Build.0 = Release|Any CPU
		{1A78EE0A-B2E4-48E2-8012-7987F18E4F6B}.Debug|Any CPU.ActiveCfg = Debug|Any CPU
		{1A78EE0A-B2E4-48E2-8012-7987F18E4F6B}.Debug|Any CPU.Build.0 = Debug|Any CPU
		{1A78EE0A-B2E4-48E2-8012-7987F18E4F6B}.Release|Any CPU.ActiveCfg = Release|Any CPU
		{1A78EE0A-B2E4-48E2-8012-7987F18E4F6B}.Release|Any CPU.Build.0 = Release|Any CPU
		{F46BD2B0-F369-4135-8B47-A5CBF27A7ED6}.Debug|Any CPU.ActiveCfg = Debug|Any CPU
		{F46BD2B0-F369-4135-8B47-A5CBF27A7ED6}.Debug|Any CPU.Build.0 = Debug|Any CPU
		{F46BD2B0-F369-4135-8B47-A5CBF27A7ED6}.Release|Any CPU.ActiveCfg = Release|Any CPU
		{F46BD2B0-F369-4135-8B47-A5CBF27A7ED6}.Release|Any CPU.Build.0 = Release|Any CPU
		{20C7092C-CF5C-4568-B0D5-9264056D9620}.Debug|Any CPU.ActiveCfg = Debug|Any CPU
		{20C7092C-CF5C-4568-B0D5-9264056D9620}.Debug|Any CPU.Build.0 = Debug|Any CPU
		{20C7092C-CF5C-4568-B0D5-9264056D9620}.Release|Any CPU.ActiveCfg = Release|Any CPU
		{20C7092C-CF5C-4568-B0D5-9264056D9620}.Release|Any CPU.Build.0 = Release|Any CPU
		{EBC9443F-FFC5-409F-965C-575BB2841AAA}.Debug|Any CPU.ActiveCfg = Debug|Any CPU
		{EBC9443F-FFC5-409F-965C-575BB2841AAA}.Debug|Any CPU.Build.0 = Debug|Any CPU
		{EBC9443F-FFC5-409F-965C-575BB2841AAA}.Release|Any CPU.ActiveCfg = Release|Any CPU
		{EBC9443F-FFC5-409F-965C-575BB2841AAA}.Release|Any CPU.Build.0 = Release|Any CPU
		{0A70E0AB-7830-4922-9A8A-42DB847DA31C}.Debug|Any CPU.ActiveCfg = Debug|Any CPU
		{0A70E0AB-7830-4922-9A8A-42DB847DA31C}.Debug|Any CPU.Build.0 = Debug|Any CPU
		{0A70E0AB-7830-4922-9A8A-42DB847DA31C}.Release|Any CPU.ActiveCfg = Release|Any CPU
		{0A70E0AB-7830-4922-9A8A-42DB847DA31C}.Release|Any CPU.Build.0 = Release|Any CPU
	EndGlobalSection
	GlobalSection(SolutionProperties) = preSolution
		HideSolutionNode = FALSE
	EndGlobalSection
	GlobalSection(ExtensibilityGlobals) = postSolution
		SolutionGuid = {45B89442-D36A-419A-BABC-059146DDF012}
	EndGlobalSection
EndGlobal
