
Microsoft Visual Studio Solution File, Format Version 12.00
# Visual Studio Version 17
VisualStudioVersion = 17.11.35303.130
MinimumVisualStudioVersion = 10.0.40219.1
Project("{9A19103F-16F7-4668-BE54-9A1E7A4F7556}") = "EisaAwards.Data", "EisaAwards.Data\EisaAwards.Data.csproj", "{AA8C4A1E-8302-4CC9-929E-4AC8B042E67F}"
EndProject
Project("{9A19103F-16F7-4668-BE54-9A1E7A4F7556}") = "EisaAwards.Logic", "EisaAwards.Logic\EisaAwards.Logic.csproj", "{6A38ECAF-1378-4B34-9453-6E6BC55F0160}"
EndProject
Project("{9A19103F-16F7-4668-BE54-9A1E7A4F7556}") = "EisaAwards.Repository", "EisaAwards.Repository\EisaAwards.Repository.csproj", "{04EE9B9B-593F-4B91-B271-C37035A407B0}"
EndProject
Project("{9A19103F-16F7-4668-BE54-9A1E7A4F7556}") = "EisaAwards.Test", "EisaAwards.Test\EisaAwards.Test.csproj", "{E65F3464-40AA-4358-9AE7-A3041C6E4491}"
EndProject
Project("{2150E333-8FDC-42A3-9474-1A3956D46DE8}") = "Solution Items", "Solution Items", "{67AB29C9-2E76-405D-994C-A164BD683AC0}"
	ProjectSection(SolutionItems) = preProject
		.editorconfig = .editorconfig
	EndProjectSection
EndProject
Project("{9A19103F-16F7-4668-BE54-9A1E7A4F7556}") = "EisaAwards.ConsoleClient", "EisaAwards.ConsoleClient\EisaAwards.ConsoleClient.csproj", "{23EF241A-C65F-4BAF-9D3B-E43F9039492A}"
EndProject
Project("{9A19103F-16F7-4668-BE54-9A1E7A4F7556}") = "EisaAwards.WpfClient", "EisaAwards.WpfClient\EisaAwards.WpfClient.csproj", "{B0F005C7-DD85-44AB-BB89-838C9370096D}"
EndProject
Project("{9A19103F-16F7-4668-BE54-9A1E7A4F7556}") = "EisaAwards.Endpoint", "EisaAwards.Endpoint\EisaAwards.Endpoint.csproj", "{BFB07F43-F088-4413-978E-540E849CD61E}"
EndProject
Project("{FAE04EC0-301F-11D3-BF4B-00C04F79EFBC}") = "EisaAwards.Models", "EisaAwards.Models\EisaAwards.Models.csproj", "{EFB70C0F-577A-48D9-8795-C1EA2028FE77}"
EndProject
Global
	GlobalSection(SolutionConfigurationPlatforms) = preSolution
		Debug|Any CPU = Debug|Any CPU
		Release|Any CPU = Release|Any CPU
	EndGlobalSection
	GlobalSection(ProjectConfigurationPlatforms) = postSolution
		{AA8C4A1E-8302-4CC9-929E-4AC8B042E67F}.Debug|Any CPU.ActiveCfg = Debug|Any CPU
		{AA8C4A1E-8302-4CC9-929E-4AC8B042E67F}.Debug|Any CPU.Build.0 = Debug|Any CPU
		{AA8C4A1E-8302-4CC9-929E-4AC8B042E67F}.Release|Any CPU.ActiveCfg = Release|Any CPU
		{AA8C4A1E-8302-4CC9-929E-4AC8B042E67F}.Release|Any CPU.Build.0 = Release|Any CPU
		{6A38ECAF-1378-4B34-9453-6E6BC55F0160}.Debug|Any CPU.ActiveCfg = Debug|Any CPU
		{6A38ECAF-1378-4B34-9453-6E6BC55F0160}.Debug|Any CPU.Build.0 = Debug|Any CPU
		{6A38ECAF-1378-4B34-9453-6E6BC55F0160}.Release|Any CPU.ActiveCfg = Release|Any CPU
		{6A38ECAF-1378-4B34-9453-6E6BC55F0160}.Release|Any CPU.Build.0 = Release|Any CPU
		{04EE9B9B-593F-4B91-B271-C37035A407B0}.Debug|Any CPU.ActiveCfg = Debug|Any CPU
		{04EE9B9B-593F-4B91-B271-C37035A407B0}.Debug|Any CPU.Build.0 = Debug|Any CPU
		{04EE9B9B-593F-4B91-B271-C37035A407B0}.Release|Any CPU.ActiveCfg = Release|Any CPU
		{04EE9B9B-593F-4B91-B271-C37035A407B0}.Release|Any CPU.Build.0 = Release|Any CPU
		{E65F3464-40AA-4358-9AE7-A3041C6E4491}.Debug|Any CPU.ActiveCfg = Debug|Any CPU
		{E65F3464-40AA-4358-9AE7-A3041C6E4491}.Debug|Any CPU.Build.0 = Debug|Any CPU
		{E65F3464-40AA-4358-9AE7-A3041C6E4491}.Release|Any CPU.ActiveCfg = Release|Any CPU
		{E65F3464-40AA-4358-9AE7-A3041C6E4491}.Release|Any CPU.Build.0 = Release|Any CPU
		{23EF241A-C65F-4BAF-9D3B-E43F9039492A}.Debug|Any CPU.ActiveCfg = Debug|Any CPU
		{23EF241A-C65F-4BAF-9D3B-E43F9039492A}.Debug|Any CPU.Build.0 = Debug|Any CPU
		{23EF241A-C65F-4BAF-9D3B-E43F9039492A}.Release|Any CPU.ActiveCfg = Release|Any CPU
		{23EF241A-C65F-4BAF-9D3B-E43F9039492A}.Release|Any CPU.Build.0 = Release|Any CPU
		{B0F005C7-DD85-44AB-BB89-838C9370096D}.Debug|Any CPU.ActiveCfg = Debug|Any CPU
		{B0F005C7-DD85-44AB-BB89-838C9370096D}.Debug|Any CPU.Build.0 = Debug|Any CPU
		{B0F005C7-DD85-44AB-BB89-838C9370096D}.Release|Any CPU.ActiveCfg = Release|Any CPU
		{B0F005C7-DD85-44AB-BB89-838C9370096D}.Release|Any CPU.Build.0 = Release|Any CPU
		{BFB07F43-F088-4413-978E-540E849CD61E}.Debug|Any CPU.ActiveCfg = Debug|Any CPU
		{BFB07F43-F088-4413-978E-540E849CD61E}.Debug|Any CPU.Build.0 = Debug|Any CPU
		{BFB07F43-F088-4413-978E-540E849CD61E}.Release|Any CPU.ActiveCfg = Release|Any CPU
		{BFB07F43-F088-4413-978E-540E849CD61E}.Release|Any CPU.Build.0 = Release|Any CPU
		{EFB70C0F-577A-48D9-8795-C1EA2028FE77}.Debug|Any CPU.ActiveCfg = Debug|Any CPU
		{EFB70C0F-577A-48D9-8795-C1EA2028FE77}.Debug|Any CPU.Build.0 = Debug|Any CPU
		{EFB70C0F-577A-48D9-8795-C1EA2028FE77}.Release|Any CPU.ActiveCfg = Release|Any CPU
		{EFB70C0F-577A-48D9-8795-C1EA2028FE77}.Release|Any CPU.Build.0 = Release|Any CPU
	EndGlobalSection
	GlobalSection(SolutionProperties) = preSolution
		HideSolutionNode = FALSE
	EndGlobalSection
	GlobalSection(ExtensibilityGlobals) = postSolution
		SolutionGuid = {C2BBDB74-0316-4A85-9FB1-888FECBAF3E0}
	EndGlobalSection
EndGlobal
